Microsoft Visual Studio Solution File, Format Version 12.00
# Visual Studio Version 16
VisualStudioVersion = 16.0.0.0
MinimumVisualStudioVersion = 16.0.0.0
Project("{9A19103F-16F7-4668-BE54-9A1E7A4F7556}") = "Events-WebAPP.Server", "Server\Events-WebAPP.Server.csproj", "{31A4DA16-820B-4F2E-9590-4517AD925BDF}"
EndProject
Project("{9A19103F-16F7-4668-BE54-9A1E7A4F7556}") = "Events-WebAPP.Client", "Client\Events-WebAPP.Client.csproj", "{29D6A74B-2753-40EE-9579-79FB260A9BA0}"
EndProject
Project("{9A19103F-16F7-4668-BE54-9A1E7A4F7556}") = "Events-WebAPP.Shared", "Shared\Events-WebAPP.Shared.csproj", "{889E7732-3D4A-4550-BB34-3A79574D9E1F}"
EndProject
Global
	GlobalSection(SolutionConfigurationPlatforms) = preSolution
		Debug|Any CPU = Debug|Any CPU
		Debug|x64 = Debug|x64
		Debug|x86 = Debug|x86
		Release|Any CPU = Release|Any CPU
		Release|x64 = Release|x64
		Release|x86 = Release|x86
	EndGlobalSection
	GlobalSection(ProjectConfigurationPlatforms) = postSolution
		{29D6A74B-2753-40EE-9579-79FB260A9BA0}.Debug|Any CPU.ActiveCfg = Debug|Any CPU
		{29D6A74B-2753-40EE-9579-79FB260A9BA0}.Debug|Any CPU.Build.0 = Debug|Any CPU
		{29D6A74B-2753-40EE-9579-79FB260A9BA0}.Debug|x64.ActiveCfg = Debug|Any CPU
		{29D6A74B-2753-40EE-9579-79FB260A9BA0}.Debug|x64.Build.0 = Debug|Any CPU
		{29D6A74B-2753-40EE-9579-79FB260A9BA0}.Debug|x86.ActiveCfg = Debug|Any CPU
		{29D6A74B-2753-40EE-9579-79FB260A9BA0}.Debug|x86.Build.0 = Debug|Any CPU
		{29D6A74B-2753-40EE-9579-79FB260A9BA0}.Release|Any CPU.ActiveCfg = Release|Any CPU
		{29D6A74B-2753-40EE-9579-79FB260A9BA0}.Release|Any CPU.Build.0 = Release|Any CPU
		{29D6A74B-2753-40EE-9579-79FB260A9BA0}.Release|x64.ActiveCfg = Release|Any CPU
		{29D6A74B-2753-40EE-9579-79FB260A9BA0}.Release|x64.Build.0 = Release|Any CPU
		{29D6A74B-2753-40EE-9579-79FB260A9BA0}.Release|x86.ActiveCfg = Release|Any CPU
		{29D6A74B-2753-40EE-9579-79FB260A9BA0}.Release|x86.Build.0 = Release|Any CPU
		{31A4DA16-820B-4F2E-9590-4517AD925BDF}.Debug|Any CPU.ActiveCfg = Debug|Any CPU
		{31A4DA16-820B-4F2E-9590-4517AD925BDF}.Debug|Any CPU.Build.0 = Debug|Any CPU
		{31A4DA16-820B-4F2E-9590-4517AD925BDF}.Debug|x64.ActiveCfg = Debug|Any CPU
		{31A4DA16-820B-4F2E-9590-4517AD925BDF}.Debug|x64.Build.0 = Debug|Any CPU
		{31A4DA16-820B-4F2E-9590-4517AD925BDF}.Debug|x86.ActiveCfg = Debug|Any CPU
		{31A4DA16-820B-4F2E-9590-4517AD925BDF}.Debug|x86.Build.0 = Debug|Any CPU
		{31A4DA16-820B-4F2E-9590-4517AD925BDF}.Release|Any CPU.ActiveCfg = Release|Any CPU
		{31A4DA16-820B-4F2E-9590-4517AD925BDF}.Release|Any CPU.Build.0 = Release|Any CPU
		{31A4DA16-820B-4F2E-9590-4517AD925BDF}.Release|x64.ActiveCfg = Release|Any CPU
		{31A4DA16-820B-4F2E-9590-4517AD925BDF}.Release|x64.Build.0 = Release|Any CPU
		{31A4DA16-820B-4F2E-9590-4517AD925BDF}.Release|x86.ActiveCfg = Release|Any CPU
		{31A4DA16-820B-4F2E-9590-4517AD925BDF}.Release|x86.Build.0 = Release|Any CPU
		{889E7732-3D4A-4550-BB34-3A79574D9E1F}.Debug|Any CPU.ActiveCfg = Debug|Any CPU
		{889E7732-3D4A-4550-BB34-3A79574D9E1F}.Debug|Any CPU.Build.0 = Debug|Any CPU
		{889E7732-3D4A-4550-BB34-3A79574D9E1F}.Debug|x64.ActiveCfg = Debug|Any CPU
		{889E7732-3D4A-4550-BB34-3A79574D9E1F}.Debug|x64.Build.0 = Debug|Any CPU
		{889E7732-3D4A-4550-BB34-3A79574D9E1F}.Debug|x86.ActiveCfg = Debug|Any CPU
		{889E7732-3D4A-4550-BB34-3A79574D9E1F}.Debug|x86.Build.0 = Debug|Any CPU
		{889E7732-3D4A-4550-BB34-3A79574D9E1F}.Release|Any CPU.ActiveCfg = Release|Any CPU
		{889E7732-3D4A-4550-BB34-3A79574D9E1F}.Release|Any CPU.Build.0 = Release|Any CPU
		{889E7732-3D4A-4550-BB34-3A79574D9E1F}.Release|x64.ActiveCfg = Release|Any CPU
		{889E7732-3D4A-4550-BB34-3A79574D9E1F}.Release|x64.Build.0 = Release|Any CPU
		{889E7732-3D4A-4550-BB34-3A79574D9E1F}.Release|x86.ActiveCfg = Release|Any CPU
		{889E7732-3D4A-4550-BB34-3A79574D9E1F}.Release|x86.Build.0 = Release|Any CPU
	EndGlobalSection
	GlobalSection(SolutionProperties) = preSolution
		HideSolutionNode = FALSE
	EndGlobalSection
	GlobalSection(ExtensibilityGlobals) = postSolution
		SolutionGuid = {9B6145BE-21EC-4272-900D-5210AA3B70D8}
	EndGlobalSection
EndGlobal